
Microsoft Visual Studio Solution File, Format Version 12.00
# Visual Studio 15
VisualStudioVersion = 15.0.26124.0
MinimumVisualStudioVersion = 15.0.26124.0
Project("{2150E333-8FDC-42A3-9474-1A3956D46DE8}") = "1_API", "1_API", "{1C05E8EE-62E1-467E-83BF-B45F06DCAD89}"
EndProject
Project("{FAE04EC0-301F-11D3-BF4B-00C04F79EFBC}") = "Radix.WebApi", "1_API\Radix.WebApi\Radix.WebApi.csproj", "{D28D1981-F686-4831-8016-35EEC143EAA9}"
EndProject
Project("{2150E333-8FDC-42A3-9474-1A3956D46DE8}") = "2_DOMAIN", "2_DOMAIN", "{09B68ED6-2152-4EE7-93B8-5ACC40DCCCD3}"
EndProject
Project("{FAE04EC0-301F-11D3-BF4B-00C04F79EFBC}") = "Radix.Domain", "2_DOMAIN\Radix.Domain\Radix.Domain.csproj", "{CA896EC5-F07A-4A66-AEEE-4D30AA81B5EA}"
EndProject
Project("{2150E333-8FDC-42A3-9474-1A3956D46DE8}") = "3_INFRA", "3_INFRA", "{379DBD58-587B-47C0-920C-FEB3B14DFCE0}"
EndProject
Project("{FAE04EC0-301F-11D3-BF4B-00C04F79EFBC}") = "Radix.Infra", "3_INFRA\Radix.Infra\Radix.Infra.csproj", "{89D7107C-ABD4-475F-96E3-112E71EAD5E0}"
EndProject
Project("{2150E333-8FDC-42A3-9474-1A3956D46DE8}") = "4_SHARED", "4_SHARED", "{3064F7E1-191A-4D35-ADFA-CF99A367F217}"
EndProject
Project("{FAE04EC0-301F-11D3-BF4B-00C04F79EFBC}") = "Radix.Shared", "4_SHARED\Radix.Shared\Radix.Shared.csproj", "{61D8CC53-4646-4BE6-B39A-1311877DDABC}"
EndProject
Project("{2150E333-8FDC-42A3-9474-1A3956D46DE8}") = "5_TESTS", "5_TESTS", "{97FDEF37-6694-49EC-A9BF-57A1D627BCAD}"
EndProject
Project("{FAE04EC0-301F-11D3-BF4B-00C04F79EFBC}") = "Radix.Test", "5_TESTS\Radix.Test\Radix.Test.csproj", "{AB33664E-7BB0-4F34-AF8C-8F963A10B0D9}"
EndProject
Global
	GlobalSection(SolutionConfigurationPlatforms) = preSolution
		Debug|Any CPU = Debug|Any CPU
		Debug|x64 = Debug|x64
		Debug|x86 = Debug|x86
		Release|Any CPU = Release|Any CPU
		Release|x64 = Release|x64
		Release|x86 = Release|x86
	EndGlobalSection
	GlobalSection(SolutionProperties) = preSolution
		HideSolutionNode = FALSE
	EndGlobalSection
	GlobalSection(ProjectConfigurationPlatforms) = postSolution
		{D28D1981-F686-4831-8016-35EEC143EAA9}.Debug|Any CPU.ActiveCfg = Debug|Any CPU
		{D28D1981-F686-4831-8016-35EEC143EAA9}.Debug|Any CPU.Build.0 = Debug|Any CPU
		{D28D1981-F686-4831-8016-35EEC143EAA9}.Debug|x64.ActiveCfg = Debug|Any CPU
		{D28D1981-F686-4831-8016-35EEC143EAA9}.Debug|x64.Build.0 = Debug|Any CPU
		{D28D1981-F686-4831-8016-35EEC143EAA9}.Debug|x86.ActiveCfg = Debug|Any CPU
		{D28D1981-F686-4831-8016-35EEC143EAA9}.Debug|x86.Build.0 = Debug|Any CPU
		{D28D1981-F686-4831-8016-35EEC143EAA9}.Release|Any CPU.ActiveCfg = Release|Any CPU
		{D28D1981-F686-4831-8016-35EEC143EAA9}.Release|Any CPU.Build.0 = Release|Any CPU
		{D28D1981-F686-4831-8016-35EEC143EAA9}.Release|x64.ActiveCfg = Release|Any CPU
		{D28D1981-F686-4831-8016-35EEC143EAA9}.Release|x64.Build.0 = Release|Any CPU
		{D28D1981-F686-4831-8016-35EEC143EAA9}.Release|x86.ActiveCfg = Release|Any CPU
		{D28D1981-F686-4831-8016-35EEC143EAA9}.Release|x86.Build.0 = Release|Any CPU
		{CA896EC5-F07A-4A66-AEEE-4D30AA81B5EA}.Debug|Any CPU.ActiveCfg = Debug|Any CPU
		{CA896EC5-F07A-4A66-AEEE-4D30AA81B5EA}.Debug|Any CPU.Build.0 = Debug|Any CPU
		{CA896EC5-F07A-4A66-AEEE-4D30AA81B5EA}.Debug|x64.ActiveCfg = Debug|Any CPU
		{CA896EC5-F07A-4A66-AEEE-4D30AA81B5EA}.Debug|x64.Build.0 = Debug|Any CPU
		{CA896EC5-F07A-4A66-AEEE-4D30AA81B5EA}.Debug|x86.ActiveCfg = Debug|Any CPU
		{CA896EC5-F07A-4A66-AEEE-4D30AA81B5EA}.Debug|x86.Build.0 = Debug|Any CPU
		{CA896EC5-F07A-4A66-AEEE-4D30AA81B5EA}.Release|Any CPU.ActiveCfg = Release|Any CPU
		{CA896EC5-F07A-4A66-AEEE-4D30AA81B5EA}.Release|Any CPU.Build.0 = Release|Any CPU
		{CA896EC5-F07A-4A66-AEEE-4D30AA81B5EA}.Release|x64.ActiveCfg = Release|Any CPU
		{CA896EC5-F07A-4A66-AEEE-4D30AA81B5EA}.Release|x64.Build.0 = Release|Any CPU
		{CA896EC5-F07A-4A66-AEEE-4D30AA81B5EA}.Release|x86.ActiveCfg = Release|Any CPU
		{CA896EC5-F07A-4A66-AEEE-4D30AA81B5EA}.Release|x86.Build.0 = Release|Any CPU
		{89D7107C-ABD4-475F-96E3-112E71EAD5E0}.Debug|Any CPU.ActiveCfg = Debug|Any CPU
		{89D7107C-ABD4-475F-96E3-112E71EAD5E0}.Debug|Any CPU.Build.0 = Debug|Any CPU
		{89D7107C-ABD4-475F-96E3-112E71EAD5E0}.Debug|x64.ActiveCfg = Debug|Any CPU
		{89D7107C-ABD4-475F-96E3-112E71EAD5E0}.Debug|x64.Build.0 = Debug|Any CPU
		{89D7107C-ABD4-475F-96E3-112E71EAD5E0}.Debug|x86.ActiveCfg = Debug|Any CPU
		{89D7107C-ABD4-475F-96E3-112E71EAD5E0}.Debug|x86.Build.0 = Debug|Any CPU
		{89D7107C-ABD4-475F-96E3-112E71EAD5E0}.Release|Any CPU.ActiveCfg = Release|Any CPU
		{89D7107C-ABD4-475F-96E3-112E71EAD5E0}.Release|Any CPU.Build.0 = Release|Any CPU
		{89D7107C-ABD4-475F-96E3-112E71EAD5E0}.Release|x64.ActiveCfg = Release|Any CPU
		{89D7107C-ABD4-475F-96E3-112E71EAD5E0}.Release|x64.Build.0 = Release|Any CPU
		{89D7107C-ABD4-475F-96E3-112E71EAD5E0}.Release|x86.ActiveCfg = Release|Any CPU
		{89D7107C-ABD4-475F-96E3-112E71EAD5E0}.Release|x86.Build.0 = Release|Any CPU
		{61D8CC53-4646-4BE6-B39A-1311877DDABC}.Debug|Any CPU.ActiveCfg = Debug|Any CPU
		{61D8CC53-4646-4BE6-B39A-1311877DDABC}.Debug|Any CPU.Build.0 = Debug|Any CPU
		{61D8CC53-4646-4BE6-B39A-1311877DDABC}.Debug|x64.ActiveCfg = Debug|Any CPU
		{61D8CC53-4646-4BE6-B39A-1311877DDABC}.Debug|x64.Build.0 = Debug|Any CPU
		{61D8CC53-4646-4BE6-B39A-1311877DDABC}.Debug|x86.ActiveCfg = Debug|Any CPU
		{61D8CC53-4646-4BE6-B39A-1311877DDABC}.Debug|x86.Build.0 = Debug|Any CPU
		{61D8CC53-4646-4BE6-B39A-1311877DDABC}.Release|Any CPU.ActiveCfg = Release|Any CPU
		{61D8CC53-4646-4BE6-B39A-1311877DDABC}.Release|Any CPU.Build.0 = Release|Any CPU
		{61D8CC53-4646-4BE6-B39A-1311877DDABC}.Release|x64.ActiveCfg = Release|Any CPU
		{61D8CC53-4646-4BE6-B39A-1311877DDABC}.Release|x64.Build.0 = Release|Any CPU
		{61D8CC53-4646-4BE6-B39A-1311877DDABC}.Release|x86.ActiveCfg = Release|Any CPU
		{61D8CC53-4646-4BE6-B39A-1311877DDABC}.Release|x86.Build.0 = Release|Any CPU
		{AB33664E-7BB0-4F34-AF8C-8F963A10B0D9}.Debug|Any CPU.ActiveCfg = Debug|Any CPU
		{AB33664E-7BB0-4F34-AF8C-8F963A10B0D9}.Debug|Any CPU.Build.0 = Debug|Any CPU
		{AB33664E-7BB0-4F34-AF8C-8F963A10B0D9}.Debug|x64.ActiveCfg = Debug|Any CPU
		{AB33664E-7BB0-4F34-AF8C-8F963A10B0D9}.Debug|x64.Build.0 = Debug|Any CPU
		{AB33664E-7BB0-4F34-AF8C-8F963A10B0D9}.Debug|x86.ActiveCfg = Debug|Any CPU
		{AB33664E-7BB0-4F34-AF8C-8F963A10B0D9}.Debug|x86.Build.0 = Debug|Any CPU
		{AB33664E-7BB0-4F34-AF8C-8F963A10B0D9}.Release|Any CPU.ActiveCfg = Release|Any CPU
		{AB33664E-7BB0-4F34-AF8C-8F963A10B0D9}.Release|Any CPU.Build.0 = Release|Any CPU
		{AB33664E-7BB0-4F34-AF8C-8F963A10B0D9}.Release|x64.ActiveCfg = Release|Any CPU
		{AB33664E-7BB0-4F34-AF8C-8F963A10B0D9}.Release|x64.Build.0 = Release|Any CPU
		{AB33664E-7BB0-4F34-AF8C-8F963A10B0D9}.Release|x86.ActiveCfg = Release|Any CPU
		{AB33664E-7BB0-4F34-AF8C-8F963A10B0D9}.Release|x86.Build.0 = Release|Any CPU
	EndGlobalSection
	GlobalSection(NestedProjects) = preSolution
		{D28D1981-F686-4831-8016-35EEC143EAA9} = {1C05E8EE-62E1-467E-83BF-B45F06DCAD89}
		{CA896EC5-F07A-4A66-AEEE-4D30AA81B5EA} = {09B68ED6-2152-4EE7-93B8-5ACC40DCCCD3}
		{89D7107C-ABD4-475F-96E3-112E71EAD5E0} = {379DBD58-587B-47C0-920C-FEB3B14DFCE0}
		{61D8CC53-4646-4BE6-B39A-1311877DDABC} = {3064F7E1-191A-4D35-ADFA-CF99A367F217}
		{AB33664E-7BB0-4F34-AF8C-8F963A10B0D9} = {97FDEF37-6694-49EC-A9BF-57A1D627BCAD}
	EndGlobalSection
EndGlobal
